
Microsoft Visual Studio Solution File, Format Version 12.00
# Visual Studio Version 17
VisualStudioVersion = 17.3.32929.385
MinimumVisualStudioVersion = 10.0.40219.1
Project("{FAE04EC0-301F-11D3-BF4B-00C04F79EFBC}") = "Storage", "Storage\Storage.csproj", "{4BBEEF21-08A9-402B-AD0B-34A5BEFB935C}"
EndProject
Project("{FAE04EC0-301F-11D3-BF4B-00C04F79EFBC}") = "Services", "..\Services\Services.csproj", "{62FC0B1D-D1B9-4D84-B1B1-A8BBB84DB494}"
EndProject
Project("{FAE04EC0-301F-11D3-BF4B-00C04F79EFBC}") = "Repositories", "..\Repositories\Repositories.csproj", "{73D51904-C40C-416A-B438-C2BB4F624925}"
EndProject
Project("{FAE04EC0-301F-11D3-BF4B-00C04F79EFBC}") = "DBContext", "..\DBContext\DBContext.csproj", "{11F2CA10-DE6A-4F75-BF1A-2EDAB31907DE}"
EndProject
Project("{FAE04EC0-301F-11D3-BF4B-00C04F79EFBC}") = "Common", "..\Common\Common.csproj", "{F802C222-7EC3-4959-859E-4674BB6C06F6}"
EndProject
Global
	GlobalSection(SolutionConfigurationPlatforms) = preSolution
		Debug|Any CPU = Debug|Any CPU
		Release|Any CPU = Release|Any CPU
	EndGlobalSection
	GlobalSection(ProjectConfigurationPlatforms) = postSolution
		{4BBEEF21-08A9-402B-AD0B-34A5BEFB935C}.Debug|Any CPU.ActiveCfg = Debug|Any CPU
		{4BBEEF21-08A9-402B-AD0B-34A5BEFB935C}.Debug|Any CPU.Build.0 = Debug|Any CPU
		{4BBEEF21-08A9-402B-AD0B-34A5BEFB935C}.Release|Any CPU.ActiveCfg = Release|Any CPU
		{4BBEEF21-08A9-402B-AD0B-34A5BEFB935C}.Release|Any CPU.Build.0 = Release|Any CPU
		{62FC0B1D-D1B9-4D84-B1B1-A8BBB84DB494}.Debug|Any CPU.ActiveCfg = Debug|Any CPU
		{62FC0B1D-D1B9-4D84-B1B1-A8BBB84DB494}.Debug|Any CPU.Build.0 = Debug|Any CPU
		{62FC0B1D-D1B9-4D84-B1B1-A8BBB84DB494}.Release|Any CPU.ActiveCfg = Release|Any CPU
		{62FC0B1D-D1B9-4D84-B1B1-A8BBB84DB494}.Release|Any CPU.Build.0 = Release|Any CPU
		{73D51904-C40C-416A-B438-C2BB4F624925}.Debug|Any CPU.ActiveCfg = Debug|Any CPU
		{73D51904-C40C-416A-B438-C2BB4F624925}.Debug|Any CPU.Build.0 = Debug|Any CPU
		{73D51904-C40C-416A-B438-C2BB4F624925}.Release|Any CPU.ActiveCfg = Release|Any CPU
		{73D51904-C40C-416A-B438-C2BB4F624925}.Release|Any CPU.Build.0 = Release|Any CPU
		{11F2CA10-DE6A-4F75-BF1A-2EDAB31907DE}.Debug|Any CPU.ActiveCfg = Debug|Any CPU
		{11F2CA10-DE6A-4F75-BF1A-2EDAB31907DE}.Debug|Any CPU.Build.0 = Debug|Any CPU
		{11F2CA10-DE6A-4F75-BF1A-2EDAB31907DE}.Release|Any CPU.ActiveCfg = Release|Any CPU
		{11F2CA10-DE6A-4F75-BF1A-2EDAB31907DE}.Release|Any CPU.Build.0 = Release|Any CPU
		{F802C222-7EC3-4959-859E-4674BB6C06F6}.Debug|Any CPU.ActiveCfg = Debug|Any CPU
		{F802C222-7EC3-4959-859E-4674BB6C06F6}.Debug|Any CPU.Build.0 = Debug|Any CPU
		{F802C222-7EC3-4959-859E-4674BB6C06F6}.Release|Any CPU.ActiveCfg = Release|Any CPU
		{F802C222-7EC3-4959-859E-4674BB6C06F6}.Release|Any CPU.Build.0 = Release|Any CPU
	EndGlobalSection
	GlobalSection(SolutionProperties) = preSolution
		HideSolutionNode = FALSE
	EndGlobalSection
	GlobalSection(ExtensibilityGlobals) = postSolution
		SolutionGuid = {A62025BA-CCFC-45E4-8267-150029BCC0FD}
	EndGlobalSection
EndGlobal
